
Microsoft Visual Studio Solution File, Format Version 12.00
# Visual Studio Version 16
VisualStudioVersion = 25.0.1706.6
MinimumVisualStudioVersion = 10.0.40219.1
Project("{FAE04EC0-301F-11D3-BF4B-00C04F79EFBC}") = "DZ30.11", "DZ30.11\DZ30.11.csproj", "{AD61D7C4-9E4D-431F-86BA-7347EA51BB09}"
EndProject
Global
	GlobalSection(SolutionConfigurationPlatforms) = preSolution
		Debug|Any CPU = Debug|Any CPU
		Release|Any CPU = Release|Any CPU
	EndGlobalSection
	GlobalSection(ProjectConfigurationPlatforms) = postSolution
		{AD61D7C4-9E4D-431F-86BA-7347EA51BB09}.Debug|Any CPU.ActiveCfg = Debug|Any CPU
		{AD61D7C4-9E4D-431F-86BA-7347EA51BB09}.Debug|Any CPU.Build.0 = Debug|Any CPU
		{AD61D7C4-9E4D-431F-86BA-7347EA51BB09}.Release|Any CPU.ActiveCfg = Release|Any CPU
		{AD61D7C4-9E4D-431F-86BA-7347EA51BB09}.Release|Any CPU.Build.0 = Release|Any CPU
	EndGlobalSection
	GlobalSection(SolutionProperties) = preSolution
		HideSolutionNode = FALSE
	EndGlobalSection
	GlobalSection(ExtensibilityGlobals) = postSolution
		SolutionGuid = {608B8C96-34DB-45EA-A83E-0B90760D357C}
	EndGlobalSection
EndGlobal
